<?xml version="1.0" encoding="utf-8"?>
<Project ToolsVersion="4.0" xmlns="http://schemas.microsoft.com/developer/msbuild/2003">
  <ItemGroup>
    <Filter Include="源文件">
      <UniqueIdentifier>{4FC737F1-C7A5-4376-A066-2A32D752A2FF}</UniqueIdentifier>
      <Extensions>cpp;c;cc;cxx;c++;cppm;ixx;def;odl;idl;hpj;bat;asm;asmx</Extensions>
    </Filter>
    <Filter Include="头文件">
      <UniqueIdentifier>{93995380-89BD-4b04-88EB-625FBE52EBFB}</UniqueIdentifier>
      <Extensions>h;hh;hpp;hxx;h++;hm;inl;inc;ipp;xsd</Extensions>
    </Filter>
    <Filter Include="资源文件">
      <UniqueIdentifier>{67DA6AB6-F800-4c08-8B7A-83BB121AAD01}</UniqueIdentifier>
      <Extensions>rc;ico;cur;bmp;dlg;rc2;rct;bin;rgs;gif;jpg;jpeg;jpe;resx;tiff;tif;png;wav;mfcribbon-ms</Extensions>
    </Filter>
  </ItemGroup>
  <ItemGroup>
    <ClCompile Include="grammar\虚函数\abstract.cpp">
      <Filter>源文件</Filter>
    </ClCompile>
    <ClCompile Include="grammar\关于assert\assertcpp.cpp">
      <Filter>源文件</Filter>
    </ClCompile>
    <ClCompile Include="grammar\BitFiled\BitField.cpp">
      <Filter>源文件</Filter>
    </ClCompile>
    <ClCompile Include="grammar\关于extern\extern.cpp">
      <Filter>源文件</Filter>
    </ClCompile>
    <ClCompile Include="grammar\关于struct\Cstruct.c">
      <Filter>源文件</Filter>
    </ClCompile>
    <ClCompile Include="grammar\关于struct\C++Struct.cpp">
      <Filter>源文件</Filter>
    </ClCompile>
    <ClCompile Include="grammar\关于sizeof\sizeof.cpp">
      <Filter>源文件</Filter>
    </ClCompile>
    <ClCompile Include="grammar\关于多态\polymorphic.cpp">
      <Filter>源文件</Filter>
    </ClCompile>
    <ClCompile Include="grammar\关于inline\inlinecpp.cpp">
      <Filter>源文件</Filter>
    </ClCompile>
    <ClCompile Include="grammar\关于this\this.cpp">
      <Filter>源文件</Filter>
    </ClCompile>
    <ClCompile Include="grammar\关于enum\enum.cpp">
      <Filter>源文件</Filter>
    </ClCompile>
    <ClCompile Include="grammar\字节对齐\ByteAlignment.cpp">
      <Filter>源文件</Filter>
    </ClCompile>
    <ClCompile Include="grammar\关于const\const.cpp">
      <Filter>源文件</Filter>
    </ClCompile>
    <ClCompile Include="grammar\关于const\test.cpp">
      <Filter>源文件</Filter>
    </ClCompile>
    <ClCompile Include="grammar\关于const\利用指针遍历数组.cpp">
      <Filter>源文件</Filter>
    </ClCompile>
    <ClCompile Include="grammar\关于const\const_2.cpp">
      <Filter>源文件</Filter>
    </ClCompile>
    <ClCompile Include="grammar\关于const\函数使用const.cpp">
      <Filter>源文件</Filter>
    </ClCompile>
    <ClCompile Include="grammar\关于static\static.cpp">
      <Filter>源文件</Filter>
    </ClCompile>
    <ClCompile Include="grammar\virtual\虚函数与运行多态.cpp">
      <Filter>源文件</Filter>
    </ClCompile>
    <ClCompile Include="grammar\virtual\虚函数中默认参数.cpp">
      <Filter>源文件</Filter>
    </ClCompile>
    <ClCompile Include="grammar\关于vptr与vtable\vptr.cpp">
      <Filter>源文件</Filter>
    </ClCompile>
    <ClCompile Include="grammar\virtual\错误使用static.cpp">
      <Filter>源文件</Filter>
    </ClCompile>
    <ClCompile Include="grammar\引用和指针\指针和引用.cpp">
      <Filter>源文件</Filter>
    </ClCompile>
    <ClCompile Include="grammar\关于friend\friend.cpp">
      <Filter>源文件</Filter>
    </ClCompile>
    <ClCompile Include="练习\Practice.cpp">
      <Filter>源文件</Filter>
    </ClCompile>
    <ClCompile Include="练习\output.cpp">
      <Filter>源文件</Filter>
    </ClCompile>
    <ClCompile Include="Method\TestFunc.cpp">
      <Filter>源文件</Filter>
    </ClCompile>
  </ItemGroup>
  <ItemGroup>
    <ClInclude Include="grammar\关于inline\test.h">
      <Filter>头文件</Filter>
    </ClInclude>
    <ClInclude Include="Method\Value.h">
      <Filter>头文件</Filter>
    </ClInclude>
    <ClInclude Include="Method\MyStack.h">
      <Filter>头文件</Filter>
    </ClInclude>
    <ClInclude Include="Method\MyString.h">
      <Filter>头文件</Filter>
    </ClInclude>
    <ClInclude Include="Method\SinglyLikedList.h">
      <Filter>头文件</Filter>
    </ClInclude>
    <ClInclude Include="Method\MySqueue.h">
      <Filter>头文件</Filter>
    </ClInclude>
    <ClInclude Include="Method\DoubleLinkedList.h">
      <Filter>头文件</Filter>
    </ClInclude>
    <ClInclude Include="Method\MySort.h">
      <Filter>头文件</Filter>
    </ClInclude>
  </ItemGroup>
  <ItemGroup>
    <Image Include="C:\Users\73184\AppData\Roaming\Tencent\QQ\Temp\QA8}N[P0GVL1T2F[03UFP{3.png">
      <Filter>资源文件</Filter>
    </Image>
  </ItemGroup>
</Project>